
Microsoft Visual Studio Solution File, Format Version 12.00
# Visual Studio Version 16
VisualStudioVersion = 16.0.31129.286
MinimumVisualStudioVersion = 10.0.40219.1
Project("{FAE04EC0-301F-11D3-BF4B-00C04F79EFBC}") = "Exercise3", "Exercise3\Exercise3.csproj", "{139C2235-0507-4EFA-92D6-144F54397BEB}"
EndProject
Global
	GlobalSection(SolutionConfigurationPlatforms) = preSolution
		Debug|Any CPU = Debug|Any CPU
		Release|Any CPU = Release|Any CPU
	EndGlobalSection
	GlobalSection(ProjectConfigurationPlatforms) = postSolution
		{139C2235-0507-4EFA-92D6-144F54397BEB}.Debug|Any CPU.ActiveCfg = Debug|Any CPU
		{139C2235-0507-4EFA-92D6-144F54397BEB}.Debug|Any CPU.Build.0 = Debug|Any CPU
		{139C2235-0507-4EFA-92D6-144F54397BEB}.Release|Any CPU.ActiveCfg = Release|Any CPU
		{139C2235-0507-4EFA-92D6-144F54397BEB}.Release|Any CPU.Build.0 = Release|Any CPU
	EndGlobalSection
	GlobalSection(SolutionProperties) = preSolution
		HideSolutionNode = FALSE
	EndGlobalSection
	GlobalSection(ExtensibilityGlobals) = postSolution
		SolutionGuid = {C2A852AE-83F3-445A-BB5C-E8D57A3123C3}
	EndGlobalSection
EndGlobal
